# This file was autogenerated by Stack.
# You should not edit this file by hand.
# For more information, please see the documentation at:
#   https://docs.haskellstack.org/en/stable/lock_files

packages:
- completed:
    hackage: HsYAML-0.2.1.1@sha256:bbde5ec41f2903fdca2ec1a743dc40bfedf8ca12fb7f3351cb7431ee657eab4a,5691
    pantry-tree:
      sha256: 807a9ef3a84befa61ffb96e805fc9fb3b32aca78b60ab3cb95d4a2561fe70d85
      size: 1340
  original:
    hackage: HsYAML-0.2.1.1
- completed:
    hackage: HsYAML-aeson-0.2.0.1@sha256:99491821ffbfc5a0d3e38ab2b3096df07c93e0a9716a723ee84ef1141140fbb0,2600
    pantry-tree:
      sha256: b30d8ac832feda32c02ee3b08e343b15abad190800f5926a6dee962672ac93a2
      size: 291
  original:
    hackage: HsYAML-aeson-0.2.0.1
- completed:
    hackage: OneTuple-0.3.1@sha256:fc32cb744477befa450a538ea4975cc523f0a2f1585cb5a36e9936a3d18e9a3c,2276
    pantry-tree:
      sha256: a45de98364d5a128ffcc07a05f2f3dd0befee311c7e106bc86dc87548288bc6b
      size: 506
  original:
    hackage: OneTuple-0.3.1
- completed:
    hackage: QuickCheck-2.14.2@sha256:4ce29211223d5e6620ebceba34a3ca9ccf1c10c0cf387d48aea45599222ee5aa,7736
    pantry-tree:
      sha256: 2fe423d0ed7cd64f0f165d708779f48814e66c4f181c568468134af55d86a5f8
      size: 2315
  original:
    hackage: QuickCheck-2.14.2
- completed:
    hackage: StateVar-1.2.2@sha256:3c022c00485fe165e3080d5da6b3ca9c9b02f62c5deebc584d1b3d1309ce673e,1673
    pantry-tree:
      sha256: 204cac98219e99334f47b12c565945611748ea03a4d629273dd697d738bcfd7f
      size: 314
  original:
    hackage: StateVar-1.2.2
- completed:
    hackage: aeson-2.0.3.0@sha256:510c59bece9c6b3d9e999674b869c765cdc3df9f9f90b6871df3e62f87b12fff,5867
    pantry-tree:
      sha256: bc95efc07f7d7837f3ab689d7af1d0dd4649296f2b54d0ab4e4d25d0cfb50d32
      size: 38191
  original:
    hackage: aeson-2.0.3.0
- completed:
    hackage: ansi-terminal-0.11.3@sha256:cc499d5f4c09a7213cd752ee69dbb5a5b8f3d1c777274e609eea4bca5c68ac8c,3321
    pantry-tree:
      sha256: 71d732f3f95c8ddcebaa7645ff743dd91e680b5b5063e8707ef53d2eaf94c94e
      size: 1461
  original:
    hackage: ansi-terminal-0.11.3
- completed:
    hackage: ansi-wl-pprint-0.6.9@sha256:212144ea0623b1170807a4162db05d87f26cf10b334aeadd0edb377aba06a1ce,2425
    pantry-tree:
      sha256: 0a2390ba39c3b84f68e382cb25b58cea66d61a89dab818bb5e2a6c12642e2e21
      size: 472
  original:
    hackage: ansi-wl-pprint-0.6.9
- completed:
    hackage: assoc-1.0.2@sha256:93b8d43aa081e4205116a139f7cf690f608968161d19ebfb23d884d19b082b57,1253
    pantry-tree:
      sha256: 75f4b3f498c9e1c9c2ea31be90be580231b55ed7a5002a505fae13aeaed2d3d4
      size: 290
  original:
    hackage: assoc-1.0.2
- completed:
    hackage: attoparsec-0.14.4@sha256:c0569d86c02cadd403017ea414dcb5e4f7de5380de0d8a92b9337cad84cd5e02,5811
    pantry-tree:
      sha256: 093521478c28b3d4533f8ca367562e340ef3db234156a2b9aa7caa45d87e61c1
      size: 5039
  original:
    hackage: attoparsec-0.14.4
- completed:
    hackage: base-compat-0.12.1@sha256:20e50848d9dfee1523fafe8950060b04fae43d402c15553da5c7cacd116f7846,6960
    pantry-tree:
      sha256: 2f2c14615443954f117613d77835234b598718e611fb4cf4522e01980bf1bcbd
      size: 9038
  original:
    hackage: base-compat-0.12.1
- completed:
    hackage: base-compat-batteries-0.12.1@sha256:ee819d7570b2fda1012d29db945a1778c388ef8c0c282e45c8fe4eae7616a25c,8891
    pantry-tree:
      sha256: 64edb51a988b4a362f0ba4172ad4e3d140ee69129dd68a4d08004fe506cc09ae
      size: 11169
  original:
    hackage: base-compat-batteries-0.12.1
- completed:
    hackage: base-orphans-0.8.6@sha256:eb6758d0160d607e0c45dbd6b196f515b9a589fd4f6d2f926929dd5d56282d37,3175
    pantry-tree:
      sha256: f889d6903383305688e6e703982bfdc985649b7d4538429e44f98f99d8f73c07
      size: 1272
  original:
    hackage: base-orphans-0.8.6
- completed:
    hackage: base16-bytestring-1.0.2.0@sha256:64abad7816ab8cabed8489e29f807b3a6f828e0b2cec0eae404323d69d36df9a,2541
    pantry-tree:
      sha256: f8f13565abcd98fd400c19bbbe02531bdfc8a80f2949662bb6996e367c834114
      size: 595
  original:
    hackage: base16-bytestring-1.0.2.0
- completed:
    hackage: bifunctors-5.5.12@sha256:be0f858c893274deab8aa21f9e43b2f5931d9419604f23f82bb5c8a5d9b2c3e9,3948
    pantry-tree:
      sha256: 63073a0d1ebc4d3a3d59ed8b5a77c6510bc25f4b357e5c51df1bd772a41f591c
      size: 1758
  original:
    hackage: bifunctors-5.5.12
- completed:
    hackage: cabal-plan-0.7.2.1@sha256:42101b937d0e5162b4a86989d0ee912bdf75d96273d663f44d351de18ac968dd,5423
    pantry-tree:
      sha256: eac99bc31a84bb99559a7537badf2aea7e6c6fe3c7dde0861e08ed719c6de6d9
      size: 772
  original:
    hackage: cabal-plan-0.7.2.1
- completed:
    hackage: colour-2.3.6@sha256:ebdcbf15023958838a527e381ab3c3b1e99ed12d1b25efeb7feaa4ad8c37664a,2378
    pantry-tree:
      sha256: 03f8e22f364deb86098dbfbe0bf83c896437b2355f139abdac0402658fb6ac7e
      size: 1183
  original:
    hackage: colour-2.3.6
- completed:
    hackage: comonad-5.0.8@sha256:1f1aabd73ec7f80f20cf078a748a60cd48d8e57277802fdf6a9ab3601a9b8f7e,3631
    pantry-tree:
      sha256: 394660fe7fa4127e5a181890bce28b9fcd6eb180ba25aa5566bc8b5bdd385517
      size: 1618
  original:
    hackage: comonad-5.0.8
- completed:
    hackage: contravariant-1.5.5@sha256:470ed0e040e879e2da4af1b2c8f94e199f6135852a8107858d5ae0a95365835f,3041
    pantry-tree:
      sha256: 9eb62fea28548dc8a0f60fd47c12843092b78b24ed771b8ad63a0bb34dba8bc4
      size: 652
  original:
    hackage: contravariant-1.5.5
- completed:
    hackage: data-fix-0.3.2@sha256:bdea17f6b17c1d327f53ae6806e1bc3ca7813b46742a93c6088c72837c8ae77c,1706
    pantry-tree:
      sha256: cc8600c8ee898aae772f3aa15a23313bf6f901e61e42670454a2ccb4ffc60f84
      size: 262
  original:
    hackage: data-fix-0.3.2
- completed:
    hackage: distributive-0.6.2.1@sha256:0f99f5541cca04acf89b64432b03422b6408e830a8dff30e6c4334ef1a48680c,2996
    pantry-tree:
      sha256: a42bed5fe0ba295643538312dee6c9436314c05a6f7efdd32b4303979f8bd744
      size: 735
  original:
    hackage: distributive-0.6.2.1
- completed:
    hackage: dlist-1.0@sha256:124cb3aa1decebd5171b46601b1f74cca6cfae12d266ace3799b86dd05ef7cb4,3560
    pantry-tree:
      sha256: 8467afe9c94b2756e5703fed0950b51418bd877acbdd72e9dc3488b8f28f4e82
      size: 953
  original:
    hackage: dlist-1.0
- completed:
    hackage: hashable-1.4.0.2@sha256:0cddd0229d1aac305ea0404409c0bbfab81f075817bd74b8b2929eff58333e55,5005
    pantry-tree:
      sha256: 51dda0aa70849588d074125f324beba1c8736cfa486e7f4a90a798b1d0e6019d
      size: 1248
  original:
    hackage: hashable-1.4.0.2
- completed:
    hackage: indexed-profunctors-0.1.1@sha256:363e1bcd89f8498a770ae783e8388fcce35e6515b4c38dca47327aad81196a7b,1063
    pantry-tree:
      sha256: 4ad1a4eda03a19694ec56983d8a4e5bb825f8bc503b2ed8dd30475a7150635c9
      size: 287
  original:
    hackage: indexed-profunctors-0.1.1
- completed:
    hackage: indexed-traversable-0.1.2@sha256:52a1b708abd921f91a5977f6ae53c4aa2b33f7c30be0fff17173f658b34c5350,2533
    pantry-tree:
      sha256: 0bedadc62cad982ab85dc4d57ca7cf353b526a46fd203addd9bf8b7cf0136c25
      size: 495
  original:
    hackage: indexed-traversable-0.1.2
- completed:
    hackage: indexed-traversable-instances-0.1.1@sha256:8b3f359bf1ffb73ab2a3327a6985b3587ae38f6b8f7705dccd724e118e63a598,3246
    pantry-tree:
      sha256: 5fd36ec0df3d99a44300b9b405256da4affc5c3608a620d3781466186f30118f
      size: 480
  original:
    hackage: indexed-traversable-instances-0.1.1
- completed:
    hackage: integer-logarithms-1.0.3.1@sha256:d59bfd1d39808217af2b68789d3c0e57cb7199d47405a276060d88fef4f4017d,3246
    pantry-tree:
      sha256: a74cf31b8152f5b761fe0133fe394012bb796f12242cdd3f49e538552b48fab7
      size: 865
  original:
    hackage: integer-logarithms-1.0.3.1
- completed:
    hackage: optics-0.4.2@sha256:864b8a1370dfe8e23137901ef665ac871120b5092d15803697efda7de6362c47,7560
    pantry-tree:
      sha256: 2c9f27af3099874592e506a10b1c154f2f00e618ca47b0da11ddbb800cacca4e
      size: 1157
  original:
    hackage: optics-0.4.2
- completed:
    hackage: optics-core-0.4.1@sha256:b163d1a8f392536c645cbd728c3e29d9f35864b25b1e3cef3a29806ee8a21c6b,5545
    pantry-tree:
      sha256: dc4cabaa2626c20a70a3e8781e994110bbd9f2c55f35a1c658e1c2b0d2db87c1
      size: 5380
  original:
    hackage: optics-core-0.4.1
- completed:
    hackage: optics-extra-0.4.2.1@sha256:d8221c4beebb8d4bdb4148a775fbf287368881e233228b04e0bcd6b3e60af92e,3974
    pantry-tree:
      sha256: f06078a74089e77a57efa7551cc0e0ecf18c152bf91403bb25f67c35dcd10573
      size: 1810
  original:
    hackage: optics-extra-0.4.2.1
- completed:
    hackage: optics-th-0.4.1@sha256:7fb1fcdc77634f78af654fd16113db5802d920b4aa6a710d51e8017df00982ba,3089
    pantry-tree:
      sha256: 3262bbc374999243435894621490d22557dc264ff345ba7b27458011c1389034
      size: 741
  original:
    hackage: optics-th-0.4.1
- completed:
    hackage: optparse-applicative-0.17.0.0@sha256:0713e54cbb341e5cae979e2ac441eb3a5ff42e303001f432bd58c19e5638bdda,4967
    pantry-tree:
      sha256: 3b4398845ee6718fe2303870a5ab75bd190eb712fed2f22caaae30f790c490fd
      size: 3124
  original:
    hackage: optparse-applicative-0.17.0.0
- completed:
    hackage: primitive-0.7.4.0@sha256:89b88a3e08493b7727fa4089b0692bfbdf7e1e666ef54635f458644eb8358764,2857
    pantry-tree:
      sha256: 71a850c658b70e869da19f61615d87d9d6ecec597f0e3d4b498da56559114829
      size: 1655
  original:
    hackage: primitive-0.7.4.0
- completed:
    hackage: random-1.2.1.1@sha256:dea1f11e5569332dc6c8efaad1cb301016a5587b6754943a49f9de08ae0e56d9,6541
    pantry-tree:
      sha256: 646ee77fe01178837ee928b61ae8653dcf190e9b5353ebebd094079c77a18b76
      size: 1528
  original:
    hackage: random-1.2.1.1
- completed:
    hackage: scientific-0.3.7.0@sha256:517444c944dad9db8235d7b311d7b9a0839a519ee3178288b5a9606256e0c7d8,4840
    pantry-tree:
      sha256: 27d0f081a1b8243e2558a82776ab4725f3db131e69f042cc44a0d3987611ec01
      size: 657
  original:
    hackage: scientific-0.3.7.0
- completed:
    hackage: semialign-1.2.0.1@sha256:ee3468e349e72ec0a604ae05573a4de7181d97d10366254244a0cca8a76d6c35,2852
    pantry-tree:
      sha256: 5d5420cd362beee642537472026ba42cf7f9c75e423b9ecc4a1b3482e247375b
      size: 537
  original:
    hackage: semialign-1.2.0.1
- completed:
    hackage: semigroupoids-5.3.7@sha256:fb1a86c250997c269106645724a67bc358235245cf385b589f855ac070d4ada0,7488
    pantry-tree:
      sha256: 1ddbcc4c07bb3a195e718ecd432caa37f9b25c4d4b3fe270d16f480a3d925c4a
      size: 2404
  original:
    hackage: semigroupoids-5.3.7
- completed:
    hackage: splitmix-0.1.0.4@sha256:804e2574bc7e32d08cbab91e47ee6287b4df7d50851d73f9e778f94a9a7814c7,6521
    pantry-tree:
      sha256: b56f706c092dc0ac4875ef45bd18719386358c56667f6b604a733b66f9e4657f
      size: 1519
  original:
    hackage: splitmix-0.1.0.4
- completed:
    hackage: strict-0.4.0.1@sha256:d6205a748eb8db4cd17a7179be970c94598809709294ccfa43159c7f3cc4bf5d,4187
    pantry-tree:
      sha256: 2a8171b3ff2960552163a6e1dbb640b83e049f22a5b7764cc27c0941334496bd
      size: 654
  original:
    hackage: strict-0.4.0.1
- completed:
    hackage: tagged-0.8.6.1@sha256:8a24aef29b8e35447ccc56658ea07c2aded30bfa8130ea057e382936e17c74a6,2874
    pantry-tree:
      sha256: 38c9b55d6918304b17a6c70a51ad9d981e9f64e08121482d9a801d4e4681a7db
      size: 496
  original:
    hackage: tagged-0.8.6.1
- completed:
    hackage: text-short-0.1.5@sha256:ebb77383743e214138cf9387875bc7d2665c5584b2e489fe1461240f19e7b53e,3161
    pantry-tree:
      sha256: 84bd9a189cbf9f9809801463ee59198b741048c0ea4292a9094ae1d913111d7d
      size: 727
  original:
    hackage: text-short-0.1.5
- completed:
    hackage: th-abstraction-0.4.3.0@sha256:db4b3b69398acd8a7c5c8cc8a962da55d65d05d44d5039b51bd3cb5fb3d8400f,2148
    pantry-tree:
      sha256: cd2d3fd020b3c6b415e41c71b60999ca7dd14918b056e15e090f640cba1feed8
      size: 670
  original:
    hackage: th-abstraction-0.4.3.0
- completed:
    hackage: these-1.1.1.1@sha256:2991c13e264b0c35c696c8f5f85c428c53bc42e93b1dfbd19a582052112d948a,2748
    pantry-tree:
      sha256: 5063da27208998081b81011c0f1d72303b17f343221aac1867d3d9771539f817
      size: 351
  original:
    hackage: these-1.1.1.1
- completed:
    hackage: time-compat-1.9.6.1@sha256:5cf5fa19d32742816fa1423085cbfd626aef433101c0b97bf0e8f720a6f369d8,5047
    pantry-tree:
      sha256: 69e1147f83d481b1a816d5d7cf84690bcd8ba1be66bc210bce9d0619098df374
      size: 4113
  original:
    hackage: time-compat-1.9.6.1
- completed:
    hackage: transformers-compat-0.7.2@sha256:044fb9955f63ee138fcebedfdcbe54afe741f2d5892a2d0bdf3a8052bd342643,5601
    pantry-tree:
      sha256: f49610c6a2faf82111e5d4222576f4afbcfa904bf56665232c5aa077dfc7578f
      size: 1724
  original:
    hackage: transformers-compat-0.7.2
- completed:
    hackage: unordered-containers-0.2.19.1@sha256:db11042bb0356c0adea277d0794743829125b4c99455af6af2bd5f7bd5e88a39,3797
    pantry-tree:
      sha256: ac7a077274515b8afdf98138177b2fd2293c8bb346c5ec5caf2c5999da495112
      size: 1517
  original:
    hackage: unordered-containers-0.2.19.1
- completed:
    hackage: uuid-types-1.0.5@sha256:9ca76986e3950af5e908502be2373e2292d6dc57ec10f5aeb41d7dc3a1961782,2622
    pantry-tree:
      sha256: ec4e910b8406cfcd8c13ad438a842c40c2a2c9c908fdbc2c80bab1dad52bed09
      size: 480
  original:
    hackage: uuid-types-1.0.5
- completed:
    hackage: vector-0.12.3.1@sha256:fffbd00912d69ed7be9bc7eeb09f4f475e0d243ec43f916a9fd5bbd219ce7f3e,8238
    pantry-tree:
      sha256: 0537bb4fc4d6aba4ba970cf4aa82feda0227441a6b60ceb4a5b5c8618837f248
      size: 3842
  original:
    hackage: vector-0.12.3.1
- completed:
    hackage: witherable-0.4.2@sha256:cccb36175e088abb4291ee5044b8c04d71acd5c36636902d2520f91508dd4bb8,2294
    pantry-tree:
      sha256: 614b5410bc909e3f230d440c9c2de812d77490c955929ff8e4eed592e7696fcf
      size: 384
  original:
    hackage: witherable-0.4.2
snapshots: []
